
Microsoft Visual Studio Solution File, Format Version 10.00
# Visual Studio 2008
Project("{FAE04EC0-301F-11D3-BF4B-00C04F79EFBC}") = "myWay", "myWay.csproj", "{66DE3AD8-61FA-4FF4-9C5A-4B0551FB9F57}"
EndProject
Global
	GlobalSection(SolutionConfigurationPlatforms) = preSolution
		Debug|Any CPU = Debug|Any CPU
		Release|Any CPU = Release|Any CPU
	EndGlobalSection
	GlobalSection(ProjectConfigurationPlatforms) = postSolution
		{66DE3AD8-61FA-4FF4-9C5A-4B0551FB9F57}.Debug|Any CPU.ActiveCfg = Debug|Any CPU
		{66DE3AD8-61FA-4FF4-9C5A-4B0551FB9F57}.Debug|Any CPU.Build.0 = Debug|Any CPU
		{66DE3AD8-61FA-4FF4-9C5A-4B0551FB9F57}.Release|Any CPU.ActiveCfg = Release|Any CPU
		{66DE3AD8-61FA-4FF4-9C5A-4B0551FB9F57}.Release|Any CPU.Build.0 = Release|Any CPU
	EndGlobalSection
	GlobalSection(SolutionProperties) = preSolution
		HideSolutionNode = FALSE
	EndGlobalSection
EndGlobal
